
Microsoft Visual Studio Solution File, Format Version 12.00
# Visual Studio Version 17
VisualStudioVersion = 17.0.31903.59
MinimumVisualStudioVersion = 10.0.40219.1
Project("{2150E333-8FDC-42A3-9474-1A3956D46DE8}") = "Api", "Api", "{D82C56D6-B2CD-F611-9E31-04638F7EC30E}"
EndProject
Project("{FAE04EC0-301F-11D3-BF4B-00C04F79EFBC}") = "MinimalAPI", "Api\MinimalAPI.csproj", "{AC44A58A-D3E4-4859-B5D5-A1A3392F3A8B}"
EndProject
Project("{FAE04EC0-301F-11D3-BF4B-00C04F79EFBC}") = "Test", "Test\Test.csproj", "{D87F1DEA-F3B6-4BFF-9E94-443BA738DCAE}"
EndProject
Global
	GlobalSection(SolutionConfigurationPlatforms) = preSolution
		Debug|Any CPU = Debug|Any CPU
		Debug|x64 = Debug|x64
		Debug|x86 = Debug|x86
		Release|Any CPU = Release|Any CPU
		Release|x64 = Release|x64
		Release|x86 = Release|x86
	EndGlobalSection
	GlobalSection(ProjectConfigurationPlatforms) = postSolution
		{AC44A58A-D3E4-4859-B5D5-A1A3392F3A8B}.Debug|Any CPU.ActiveCfg = Debug|Any CPU
		{AC44A58A-D3E4-4859-B5D5-A1A3392F3A8B}.Debug|Any CPU.Build.0 = Debug|Any CPU
		{AC44A58A-D3E4-4859-B5D5-A1A3392F3A8B}.Debug|x64.ActiveCfg = Debug|Any CPU
		{AC44A58A-D3E4-4859-B5D5-A1A3392F3A8B}.Debug|x64.Build.0 = Debug|Any CPU
		{AC44A58A-D3E4-4859-B5D5-A1A3392F3A8B}.Debug|x86.ActiveCfg = Debug|Any CPU
		{AC44A58A-D3E4-4859-B5D5-A1A3392F3A8B}.Debug|x86.Build.0 = Debug|Any CPU
		{AC44A58A-D3E4-4859-B5D5-A1A3392F3A8B}.Release|Any CPU.ActiveCfg = Release|Any CPU
		{AC44A58A-D3E4-4859-B5D5-A1A3392F3A8B}.Release|Any CPU.Build.0 = Release|Any CPU
		{AC44A58A-D3E4-4859-B5D5-A1A3392F3A8B}.Release|x64.ActiveCfg = Release|Any CPU
		{AC44A58A-D3E4-4859-B5D5-A1A3392F3A8B}.Release|x64.Build.0 = Release|Any CPU
		{AC44A58A-D3E4-4859-B5D5-A1A3392F3A8B}.Release|x86.ActiveCfg = Release|Any CPU
		{AC44A58A-D3E4-4859-B5D5-A1A3392F3A8B}.Release|x86.Build.0 = Release|Any CPU
		{D87F1DEA-F3B6-4BFF-9E94-443BA738DCAE}.Debug|Any CPU.ActiveCfg = Debug|Any CPU
		{D87F1DEA-F3B6-4BFF-9E94-443BA738DCAE}.Debug|Any CPU.Build.0 = Debug|Any CPU
		{D87F1DEA-F3B6-4BFF-9E94-443BA738DCAE}.Debug|x64.ActiveCfg = Debug|Any CPU
		{D87F1DEA-F3B6-4BFF-9E94-443BA738DCAE}.Debug|x64.Build.0 = Debug|Any CPU
		{D87F1DEA-F3B6-4BFF-9E94-443BA738DCAE}.Debug|x86.ActiveCfg = Debug|Any CPU
		{D87F1DEA-F3B6-4BFF-9E94-443BA738DCAE}.Debug|x86.Build.0 = Debug|Any CPU
		{D87F1DEA-F3B6-4BFF-9E94-443BA738DCAE}.Release|Any CPU.ActiveCfg = Release|Any CPU
		{D87F1DEA-F3B6-4BFF-9E94-443BA738DCAE}.Release|Any CPU.Build.0 = Release|Any CPU
		{D87F1DEA-F3B6-4BFF-9E94-443BA738DCAE}.Release|x64.ActiveCfg = Release|Any CPU
		{D87F1DEA-F3B6-4BFF-9E94-443BA738DCAE}.Release|x64.Build.0 = Release|Any CPU
		{D87F1DEA-F3B6-4BFF-9E94-443BA738DCAE}.Release|x86.ActiveCfg = Release|Any CPU
		{D87F1DEA-F3B6-4BFF-9E94-443BA738DCAE}.Release|x86.Build.0 = Release|Any CPU
	EndGlobalSection
	GlobalSection(SolutionProperties) = preSolution
		HideSolutionNode = FALSE
	EndGlobalSection
	GlobalSection(NestedProjects) = preSolution
		{AC44A58A-D3E4-4859-B5D5-A1A3392F3A8B} = {D82C56D6-B2CD-F611-9E31-04638F7EC30E}
	EndGlobalSection
EndGlobal
